// !$*UTF8*$!
{
	archiveVersion = 1;
	classes = {
	};
	objectVersion = 50;
	objects = {

/* Begin PBXBuildFile section */
		021A217523F5DA9000AEEA29 /* AppDelegate.swift in Sources */ = {isa = PBXBuildFile; fileRef = 021A217423F5DA9000AEEA29 /* AppDelegate.swift */; };
		021A217723F5DA9000AEEA29 /* ViewController.swift in Sources */ = {isa = PBXBuildFile; fileRef = 021A217623F5DA9000AEEA29 /* ViewController.swift */; };
		021A217C23F5DA9000AEEA29 /* Main.storyboard in Resources */ = {isa = PBXBuildFile; fileRef = 021A217A23F5DA9000AEEA29 /* Main.storyboard */; };
		021A217E23F5DA9000AEEA29 /* Assets.xcassets in Resources */ = {isa = PBXBuildFile; fileRef = 021A217D23F5DA9000AEEA29 /* Assets.xcassets */; };
		021A218123F5DA9000AEEA29 /* LaunchScreen.storyboard in Resources */ = {isa = PBXBuildFile; fileRef = 021A217F23F5DA9000AEEA29 /* LaunchScreen.storyboard */; };
		021A218D23F5DDC300AEEA29 /* MultipeerHandler.swift in Sources */ = {isa = PBXBuildFile; fileRef = 021A218C23F5DDC300AEEA29 /* MultipeerHandler.swift */; };
		021A218F23F5DDDC00AEEA29 /* MultipeerManager.swift in Sources */ = {isa = PBXBuildFile; fileRef = 021A218E23F5DDDC00AEEA29 /* MultipeerManager.swift */; };
		024FCD8823FC4D4000E58130 /* ViewController + MultipeerHandler.swift in Sources */ = {isa = PBXBuildFile; fileRef = 024FCD8723FC4D4000E58130 /* ViewController + MultipeerHandler.swift */; };
		024FCD8A23FC4DE900E58130 /* ViewController + ARSessionDelegate.swift in Sources */ = {isa = PBXBuildFile; fileRef = 024FCD8923FC4DE900E58130 /* ViewController + ARSessionDelegate.swift */; };
		024FCD9323FC5FD500E58130 /* StringExtension.swift in Sources */ = {isa = PBXBuildFile; fileRef = 024FCD9223FC5FD500E58130 /* StringExtension.swift */; };
		02BAD68C23FDB6D200F1A2C3 /* potato.usdz in Resources */ = {isa = PBXBuildFile; fileRef = 02BAD68B23FDB6D200F1A2C3 /* potato.usdz */; };
		02BAD68F23FDC26400F1A2C3 /* PotatoHelper.swift in Sources */ = {isa = PBXBuildFile; fileRef = 02BAD68E23FDC26400F1A2C3 /* PotatoHelper.swift */; };
		02FC1BB123F5DF2100117358 /* ViewController + CoachingOverlay.swift in Sources */ = {isa = PBXBuildFile; fileRef = 02FC1BB023F5DF2100117358 /* ViewController + CoachingOverlay.swift */; };
		02FC1BB323F5E68C00117358 /* AnchorNames.swift in Sources */ = {isa = PBXBuildFile; fileRef = 02FC1BB223F5E68C00117358 /* AnchorNames.swift */; };
		A7169A8E23FB071600CE5B9C /* Player.swift in Sources */ = {isa = PBXBuildFile; fileRef = A7169A8D23FB071600CE5B9C /* Player.swift */; };
		A7E907B423FB2C730001F5EA /* MenuViewController.swift in Sources */ = {isa = PBXBuildFile; fileRef = A7E907B323FB2C730001F5EA /* MenuViewController.swift */; };
/* End PBXBuildFile section */

/* Begin PBXFileReference section */
		021A217123F5DA9000AEEA29 /* Batatapp.app */ = {isa = PBXFileReference; explicitFileType = wrapper.application; includeInIndex = 0; path = Batatapp.app; sourceTree = BUILT_PRODUCTS_DIR; };
		021A217423F5DA9000AEEA29 /* AppDelegate.swift */ = {isa = PBXFileReference; lastKnownFileType = sourcecode.swift; path = AppDelegate.swift; sourceTree = "<group>"; };
		021A217623F5DA9000AEEA29 /* ViewController.swift */ = {isa = PBXFileReference; lastKnownFileType = sourcecode.swift; path = ViewController.swift; sourceTree = "<group>"; };
		021A217B23F5DA9000AEEA29 /* Base */ = {isa = PBXFileReference; lastKnownFileType = file.storyboard; name = Base; path = Base.lproj/Main.storyboard; sourceTree = "<group>"; };
		021A217D23F5DA9000AEEA29 /* Assets.xcassets */ = {isa = PBXFileReference; lastKnownFileType = folder.assetcatalog; path = Assets.xcassets; sourceTree = "<group>"; };
		021A218023F5DA9000AEEA29 /* Base */ = {isa = PBXFileReference; lastKnownFileType = file.storyboard; name = Base; path = Base.lproj/LaunchScreen.storyboard; sourceTree = "<group>"; };
		021A218223F5DA9000AEEA29 /* Info.plist */ = {isa = PBXFileReference; lastKnownFileType = text.plist.xml; path = Info.plist; sourceTree = "<group>"; };
		021A218C23F5DDC300AEEA29 /* MultipeerHandler.swift */ = {isa = PBXFileReference; lastKnownFileType = sourcecode.swift; path = MultipeerHandler.swift; sourceTree = "<group>"; };
		021A218E23F5DDDC00AEEA29 /* MultipeerManager.swift */ = {isa = PBXFileReference; lastKnownFileType = sourcecode.swift; path = MultipeerManager.swift; sourceTree = "<group>"; };
		024FCD8723FC4D4000E58130 /* ViewController + MultipeerHandler.swift */ = {isa = PBXFileReference; lastKnownFileType = sourcecode.swift; path = "ViewController + MultipeerHandler.swift"; sourceTree = "<group>"; };
		024FCD8923FC4DE900E58130 /* ViewController + ARSessionDelegate.swift */ = {isa = PBXFileReference; lastKnownFileType = sourcecode.swift; path = "ViewController + ARSessionDelegate.swift"; sourceTree = "<group>"; };
		024FCD9223FC5FD500E58130 /* StringExtension.swift */ = {isa = PBXFileReference; lastKnownFileType = sourcecode.swift; path = StringExtension.swift; sourceTree = "<group>"; };
		02BAD68B23FDB6D200F1A2C3 /* potato.usdz */ = {isa = PBXFileReference; lastKnownFileType = file.usdz; path = potato.usdz; sourceTree = "<group>"; };
		02BAD68E23FDC26400F1A2C3 /* PotatoHelper.swift */ = {isa = PBXFileReference; lastKnownFileType = sourcecode.swift; path = PotatoHelper.swift; sourceTree = "<group>"; };
		02FC1BB023F5DF2100117358 /* ViewController + CoachingOverlay.swift */ = {isa = PBXFileReference; lastKnownFileType = sourcecode.swift; path = "ViewController + CoachingOverlay.swift"; sourceTree = "<group>"; };
		02FC1BB223F5E68C00117358 /* AnchorNames.swift */ = {isa = PBXFileReference; lastKnownFileType = sourcecode.swift; path = AnchorNames.swift; sourceTree = "<group>"; };
		A7169A8D23FB071600CE5B9C /* Player.swift */ = {isa = PBXFileReference; lastKnownFileType = sourcecode.swift; path = Player.swift; sourceTree = "<group>"; };
		A7E907B323FB2C730001F5EA /* MenuViewController.swift */ = {isa = PBXFileReference; lastKnownFileType = sourcecode.swift; path = MenuViewController.swift; sourceTree = "<group>"; };
/* End PBXFileReference section */

/* Begin PBXFrameworksBuildPhase section */
		021A216E23F5DA8F00AEEA29 /* Frameworks */ = {
			isa = PBXFrameworksBuildPhase;
			buildActionMask = 2147483647;
			files = (
			);
			runOnlyForDeploymentPostprocessing = 0;
		};
/* End PBXFrameworksBuildPhase section */

/* Begin PBXGroup section */
		021A216823F5DA8F00AEEA29 = {
			isa = PBXGroup;
			children = (
				021A217323F5DA9000AEEA29 /* Batatapp */,
				021A217223F5DA9000AEEA29 /* Products */,
			);
			sourceTree = "<group>";
		};
		021A217223F5DA9000AEEA29 /* Products */ = {
			isa = PBXGroup;
			children = (
				021A217123F5DA9000AEEA29 /* Batatapp.app */,
			);
			name = Products;
			sourceTree = "<group>";
		};
		021A217323F5DA9000AEEA29 /* Batatapp */ = {
			isa = PBXGroup;
			children = (
				021A218A23F5DD8300AEEA29 /* Controller */,
				021A218923F5DD8000AEEA29 /* View */,
				021A218823F5DD7700AEEA29 /* Model */,
				021A218223F5DA9000AEEA29 /* Info.plist */,
			);
			path = Batatapp;
			sourceTree = "<group>";
		};
		021A218823F5DD7700AEEA29 /* Model */ = {
			isa = PBXGroup;
			children = (
				024FCD8D23FC501100E58130 /* Settings */,
				021A218B23F5DDB100AEEA29 /* Multipeer */,
				021A217423F5DA9000AEEA29 /* AppDelegate.swift */,
				024FCD9223FC5FD500E58130 /* StringExtension.swift */,
			);
			path = Model;
			sourceTree = "<group>";
		};
		021A218923F5DD8000AEEA29 /* View */ = {
			isa = PBXGroup;
			children = (
				02BAD68D23FDC25900F1A2C3 /* Potato */,
				021A217D23F5DA9000AEEA29 /* Assets.xcassets */,
				021A217F23F5DA9000AEEA29 /* LaunchScreen.storyboard */,
				021A217A23F5DA9000AEEA29 /* Main.storyboard */,
			);
			path = View;
			sourceTree = "<group>";
		};
		021A218A23F5DD8300AEEA29 /* Controller */ = {
			isa = PBXGroup;
			children = (
				024FCD8F23FC505500E58130 /* Storyboards */,
				024FCD8E23FC503E00E58130 /* AR */,
				024FCD8B23FC4FE000E58130 /* Data Connection */,
			);
			path = Controller;
			sourceTree = "<group>";
		};
		021A218B23F5DDB100AEEA29 /* Multipeer */ = {
			isa = PBXGroup;
			children = (
				021A218E23F5DDDC00AEEA29 /* MultipeerManager.swift */,
				021A218C23F5DDC300AEEA29 /* MultipeerHandler.swift */,
			);
			path = Multipeer;
			sourceTree = "<group>";
		};
		024FCD8B23FC4FE000E58130 /* Data Connection */ = {
			isa = PBXGroup;
			children = (
				024FCD8923FC4DE900E58130 /* ViewController + ARSessionDelegate.swift */,
				024FCD8723FC4D4000E58130 /* ViewController + MultipeerHandler.swift */,
			);
			path = "Data Connection";
			sourceTree = "<group>";
		};
		024FCD8D23FC501100E58130 /* Settings */ = {
			isa = PBXGroup;
			children = (
				A7169A8D23FB071600CE5B9C /* Player.swift */,
				02FC1BB223F5E68C00117358 /* AnchorNames.swift */,
			);
			path = Settings;
			sourceTree = "<group>";
		};
		024FCD8E23FC503E00E58130 /* AR */ = {
			isa = PBXGroup;
			children = (
				021A217623F5DA9000AEEA29 /* ViewController.swift */,
				02FC1BB023F5DF2100117358 /* ViewController + CoachingOverlay.swift */,
			);
			path = AR;
			sourceTree = "<group>";
		};
		024FCD8F23FC505500E58130 /* Storyboards */ = {
			isa = PBXGroup;
			children = (
				A7E907B323FB2C730001F5EA /* MenuViewController.swift */,
			);
			path = Storyboards;
			sourceTree = "<group>";
		};
		02BAD68D23FDC25900F1A2C3 /* Potato */ = {
			isa = PBXGroup;
			children = (
				02BAD68E23FDC26400F1A2C3 /* PotatoHelper.swift */,
				02BAD68B23FDB6D200F1A2C3 /* potato.usdz */,
			);
			path = Potato;
			sourceTree = "<group>";
		};
/* End PBXGroup section */

/* Begin PBXNativeTarget section */
		021A217023F5DA8F00AEEA29 /* Batatapp */ = {
			isa = PBXNativeTarget;
			buildConfigurationList = 021A218523F5DA9000AEEA29 /* Build configuration list for PBXNativeTarget "Batatapp" */;
			buildPhases = (
				021A216D23F5DA8F00AEEA29 /* Sources */,
				021A216E23F5DA8F00AEEA29 /* Frameworks */,
				021A216F23F5DA8F00AEEA29 /* Resources */,
			);
			buildRules = (
			);
			dependencies = (
			);
			name = Batatapp;
			productName = Batatapp;
			productReference = 021A217123F5DA9000AEEA29 /* Batatapp.app */;
			productType = "com.apple.product-type.application";
		};
/* End PBXNativeTarget section */

/* Begin PBXProject section */
		021A216923F5DA8F00AEEA29 /* Project object */ = {
			isa = PBXProject;
			attributes = {
				LastSwiftUpdateCheck = 1130;
				LastUpgradeCheck = 1130;
				ORGANIZATIONNAME = "Pedro Giuliano Farina";
				TargetAttributes = {
					021A217023F5DA8F00AEEA29 = {
						CreatedOnToolsVersion = 11.3.1;
					};
				};
			};
			buildConfigurationList = 021A216C23F5DA8F00AEEA29 /* Build configuration list for PBXProject "Batatapp" */;
			compatibilityVersion = "Xcode 9.3";
			developmentRegion = en;
			hasScannedForEncodings = 0;
			knownRegions = (
				en,
				Base,
			);
			mainGroup = 021A216823F5DA8F00AEEA29;
			productRefGroup = 021A217223F5DA9000AEEA29 /* Products */;
			projectDirPath = "";
			projectRoot = "";
			targets = (
				021A217023F5DA8F00AEEA29 /* Batatapp */,
			);
		};
/* End PBXProject section */

/* Begin PBXResourcesBuildPhase section */
		021A216F23F5DA8F00AEEA29 /* Resources */ = {
			isa = PBXResourcesBuildPhase;
			buildActionMask = 2147483647;
			files = (
				021A218123F5DA9000AEEA29 /* LaunchScreen.storyboard in Resources */,
				021A217E23F5DA9000AEEA29 /* Assets.xcassets in Resources */,
				02BAD68C23FDB6D200F1A2C3 /* potato.usdz in Resources */,
				021A217C23F5DA9000AEEA29 /* Main.storyboard in Resources */,
			);
			runOnlyForDeploymentPostprocessing = 0;
		};
/* End PBXResourcesBuildPhase section */

/* Begin PBXSourcesBuildPhase section */
		021A216D23F5DA8F00AEEA29 /* Sources */ = {
			isa = PBXSourcesBuildPhase;
			buildActionMask = 2147483647;
			files = (
				021A217723F5DA9000AEEA29 /* ViewController.swift in Sources */,
				021A217523F5DA9000AEEA29 /* AppDelegate.swift in Sources */,
				021A218F23F5DDDC00AEEA29 /* MultipeerManager.swift in Sources */,
				02FC1BB123F5DF2100117358 /* ViewController + CoachingOverlay.swift in Sources */,
				A7E907B423FB2C730001F5EA /* MenuViewController.swift in Sources */,
				A7169A8E23FB071600CE5B9C /* Player.swift in Sources */,
				021A218D23F5DDC300AEEA29 /* MultipeerHandler.swift in Sources */,
				024FCD9323FC5FD500E58130 /* StringExtension.swift in Sources */,
				024FCD8A23FC4DE900E58130 /* ViewController + ARSessionDelegate.swift in Sources */,
				02BAD68F23FDC26400F1A2C3 /* PotatoHelper.swift in Sources */,
				02FC1BB323F5E68C00117358 /* AnchorNames.swift in Sources */,
				024FCD8823FC4D4000E58130 /* ViewController + MultipeerHandler.swift in Sources */,
			);
			runOnlyForDeploymentPostprocessing = 0;
		};
/* End PBXSourcesBuildPhase section */

/* Begin PBXVariantGroup section */
		021A217A23F5DA9000AEEA29 /* Main.storyboard */ = {
			isa = PBXVariantGroup;
			children = (
				021A217B23F5DA9000AEEA29 /* Base */,
			);
			name = Main.storyboard;
			sourceTree = "<group>";
		};
		021A217F23F5DA9000AEEA29 /* LaunchScreen.storyboard */ = {
			isa = PBXVariantGroup;
			children = (
				021A218023F5DA9000AEEA29 /* Base */,
			);
			name = LaunchScreen.storyboard;
			sourceTree = "<group>";
		};
/* End PBXVariantGroup section */

/* Begin XCBuildConfiguration section */
		021A218323F5DA9000AEEA29 /* Debug */ = {
			isa = XCBuildConfiguration;
			buildSettings = {
				ALWAYS_SEARCH_USER_PATHS = NO;
				CLANG_ANALYZER_NONNULL = YES;
				CLANG_ANALYZER_NUMBER_OBJECT_CONVERSION = YES_AGGRESSIVE;
				CLANG_CXX_LANGUAGE_STANDARD = "gnu++14";
				CLANG_CXX_LIBRARY = "libc++";
				CLANG_ENABLE_MODULES = YES;
				CLANG_ENABLE_OBJC_ARC = YES;
				CLANG_ENABLE_OBJC_WEAK = YES;
				CLANG_WARN_BLOCK_CAPTURE_AUTORELEASING = YES;
				CLANG_WARN_BOOL_CONVERSION = YES;
				CLANG_WARN_COMMA = YES;
				CLANG_WARN_CONSTANT_CONVERSION = YES;
				CLANG_WARN_DEPRECATED_OBJC_IMPLEMENTATIONS = YES;
				CLANG_WARN_DIRECT_OBJC_ISA_USAGE = YES_ERROR;
				CLANG_WARN_DOCUMENTATION_COMMENTS = YES;
				CLANG_WARN_EMPTY_BODY = YES;
				CLANG_WARN_ENUM_CONVERSION = YES;
				CLANG_WARN_INFINITE_RECURSION = YES;
				CLANG_WARN_INT_CONVERSION = YES;
				CLANG_WARN_NON_LITERAL_NULL_CONVERSION = YES;
				CLANG_WARN_OBJC_IMPLICIT_RETAIN_SELF = YES;
				CLANG_WARN_OBJC_LITERAL_CONVERSION = YES;
				CLANG_WARN_OBJC_ROOT_CLASS = YES_ERROR;
				CLANG_WARN_RANGE_LOOP_ANALYSIS = YES;
				CLANG_WARN_STRICT_PROTOTYPES = YES;
				CLANG_WARN_SUSPICIOUS_MOVE = YES;
				CLANG_WARN_UNGUARDED_AVAILABILITY = YES_AGGRESSIVE;
				CLANG_WARN_UNREACHABLE_CODE = YES;
				CLANG_WARN__DUPLICATE_METHOD_MATCH = YES;
				COPY_PHASE_STRIP = NO;
				DEBUG_INFORMATION_FORMAT = dwarf;
				ENABLE_STRICT_OBJC_MSGSEND = YES;
				ENABLE_TESTABILITY = YES;
				GCC_C_LANGUAGE_STANDARD = gnu11;
				GCC_DYNAMIC_NO_PIC = NO;
				GCC_NO_COMMON_BLOCKS = YES;
				GCC_OPTIMIZATION_LEVEL = 0;
				GCC_PREPROCESSOR_DEFINITIONS = (
					"DEBUG=1",
					"$(inherited)",
				);
				GCC_WARN_64_TO_32_BIT_CONVERSION = YES;
				GCC_WARN_ABOUT_RETURN_TYPE = YES_ERROR;
				GCC_WARN_UNDECLARED_SELECTOR = YES;
				GCC_WARN_UNINITIALIZED_AUTOS = YES_AGGRESSIVE;
				GCC_WARN_UNUSED_FUNCTION = YES;
				GCC_WARN_UNUSED_VARIABLE = YES;
				IPHONEOS_DEPLOYMENT_TARGET = 13.2;
				MTL_ENABLE_DEBUG_INFO = INCLUDE_SOURCE;
				MTL_FAST_MATH = YES;
				ONLY_ACTIVE_ARCH = YES;
				SDKROOT = iphoneos;
				SWIFT_ACTIVE_COMPILATION_CONDITIONS = DEBUG;
				SWIFT_OPTIMIZATION_LEVEL = "-Onone";
			};
			name = Debug;
		};
		021A218423F5DA9000AEEA29 /* Release */ = {
			isa = XCBuildConfiguration;
			buildSettings = {
				ALWAYS_SEARCH_USER_PATHS = NO;
				CLANG_ANALYZER_NONNULL = YES;
				CLANG_ANALYZER_NUMBER_OBJECT_CONVERSION = YES_AGGRESSIVE;
				CLANG_CXX_LANGUAGE_STANDARD = "gnu++14";
				CLANG_CXX_LIBRARY = "libc++";
				CLANG_ENABLE_MODULES = YES;
				CLANG_ENABLE_OBJC_ARC = YES;
				CLANG_ENABLE_OBJC_WEAK = YES;
				CLANG_WARN_BLOCK_CAPTURE_AUTORELEASING = YES;
				CLANG_WARN_BOOL_CONVERSION = YES;
				CLANG_WARN_COMMA = YES;
				CLANG_WARN_CONSTANT_CONVERSION = YES;
				CLANG_WARN_DEPRECATED_OBJC_IMPLEMENTATIONS = YES;
				CLANG_WARN_DIRECT_OBJC_ISA_USAGE = YES_ERROR;
				CLANG_WARN_DOCUMENTATION_COMMENTS = YES;
				CLANG_WARN_EMPTY_BODY = YES;
				CLANG_WARN_ENUM_CONVERSION = YES;
				CLANG_WARN_INFINITE_RECURSION = YES;
				CLANG_WARN_INT_CONVERSION = YES;
				CLANG_WARN_NON_LITERAL_NULL_CONVERSION = YES;
				CLANG_WARN_OBJC_IMPLICIT_RETAIN_SELF = YES;
				CLANG_WARN_OBJC_LITERAL_CONVERSION = YES;
				CLANG_WARN_OBJC_ROOT_CLASS = YES_ERROR;
				CLANG_WARN_RANGE_LOOP_ANALYSIS = YES;
				CLANG_WARN_STRICT_PROTOTYPES = YES;
				CLANG_WARN_SUSPICIOUS_MOVE = YES;
				CLANG_WARN_UNGUARDED_AVAILABILITY = YES_AGGRESSIVE;
				CLANG_WARN_UNREACHABLE_CODE = YES;
				CLANG_WARN__DUPLICATE_METHOD_MATCH = YES;
				COPY_PHASE_STRIP = NO;
				DEBUG_INFORMATION_FORMAT = "dwarf-with-dsym";
				ENABLE_NS_ASSERTIONS = NO;
				ENABLE_STRICT_OBJC_MSGSEND = YES;
				GCC_C_LANGUAGE_STANDARD = gnu11;
				GCC_NO_COMMON_BLOCKS = YES;
				GCC_WARN_64_TO_32_BIT_CONVERSION = YES;
				GCC_WARN_ABOUT_RETURN_TYPE = YES_ERROR;
				GCC_WARN_UNDECLARED_SELECTOR = YES;
				GCC_WARN_UNINITIALIZED_AUTOS = YES_AGGRESSIVE;
				GCC_WARN_UNUSED_FUNCTION = YES;
				GCC_WARN_UNUSED_VARIABLE = YES;
				IPHONEOS_DEPLOYMENT_TARGET = 13.2;
				MTL_ENABLE_DEBUG_INFO = NO;
				MTL_FAST_MATH = YES;
				SDKROOT = iphoneos;
				SWIFT_COMPILATION_MODE = wholemodule;
				SWIFT_OPTIMIZATION_LEVEL = "-O";
				VALIDATE_PRODUCT = YES;
			};
			name = Release;
		};
		021A218623F5DA9000AEEA29 /* Debug */ = {
			isa = XCBuildConfiguration;
			buildSettings = {
				ASSETCATALOG_COMPILER_APPICON_NAME = AppIcon;
				CODE_SIGN_STYLE = Automatic;
				DEVELOPMENT_TEAM = BVZY57RJZG;
				INFOPLIST_FILE = Batatapp/Info.plist;
				LD_RUNPATH_SEARCH_PATHS = (
					"$(inherited)",
					"@executable_path/Frameworks",
				);
				PRODUCT_BUNDLE_IDENTIFIER = PGF.Batatapp;
				PRODUCT_NAME = "$(TARGET_NAME)";
				SWIFT_VERSION = 5.0;
				TARGETED_DEVICE_FAMILY = "1,2";
			};
			name = Debug;
		};
		021A218723F5DA9000AEEA29 /* Release */ = {
			isa = XCBuildConfiguration;
			buildSettings = {
				ASSETCATALOG_COMPILER_APPICON_NAME = AppIcon;
				CODE_SIGN_STYLE = Automatic;
				DEVELOPMENT_TEAM = BVZY57RJZG;
				INFOPLIST_FILE = Batatapp/Info.plist;
				LD_RUNPATH_SEARCH_PATHS = (
					"$(inherited)",
					"@executable_path/Frameworks",
				);
				PRODUCT_BUNDLE_IDENTIFIER = PGF.Batatapp;
				PRODUCT_NAME = "$(TARGET_NAME)";
				SWIFT_VERSION = 5.0;
				TARGETED_DEVICE_FAMILY = "1,2";
			};
			name = Release;
		};
/* End XCBuildConfiguration section */

/* Begin XCConfigurationList section */
		021A216C23F5DA8F00AEEA29 /* Build configuration list for PBXProject "Batatapp" */ = {
			isa = XCConfigurationList;
			buildConfigurations = (
				021A218323F5DA9000AEEA29 /* Debug */,
				021A218423F5DA9000AEEA29 /* Release */,
			);
			defaultConfigurationIsVisible = 0;
			defaultConfigurationName = Release;
		};
		021A218523F5DA9000AEEA29 /* Build configuration list for PBXNativeTarget "Batatapp" */ = {
			isa = XCConfigurationList;
			buildConfigurations = (
				021A218623F5DA9000AEEA29 /* Debug */,
				021A218723F5DA9000AEEA29 /* Release */,
			);
			defaultConfigurationIsVisible = 0;
			defaultConfigurationName = Release;
		};
/* End XCConfigurationList section */
	};
	rootObject = 021A216923F5DA8F00AEEA29 /* Project object */;
}
